{
  "nodes": {
    "a2sSrc": {
      "flake": false,
      "locked": {
        "lastModified": 1679346231,
        "narHash": "sha256-cbXqDeVfAJyk5PeZWBSmi6G4ynYC3L34LFofKPdlwGo=",
        "owner": "yepoleb",
        "repo": "python-a2s",
        "rev": "c7590ffa9a6d0c6912e17ceeab15b832a1090640",
        "type": "github"
      },
      "original": {
        "owner": "yepoleb",
        "repo": "python-a2s",
        "rev": "c7590ffa9a6d0c6912e17ceeab15b832a1090640",
        "type": "github"
      }
    },
    "agenix": {
      "inputs": {
        "darwin": "darwin",
        "home-manager": "home-manager",
        "nixpkgs": "nixpkgs",
        "systems": "systems"
      },
      "locked": {
        "lastModified": 1770165109,
        "narHash": "sha256-9VnK6Oqai65puVJ4WYtCTvlJeXxMzAp/69HhQuTdl/I=",
        "owner": "ryantm",
        "repo": "agenix",
        "rev": "b027ee29d959fda4b60b57566d64c98a202e0feb",
        "type": "github"
      },
      "original": {
        "owner": "ryantm",
        "repo": "agenix",
        "type": "github"
      }
    },
    "argononed": {
      "flake": false,
      "locked": {
        "lastModified": 1729566243,
        "narHash": "sha256-DPNI0Dpk5aym3Baf5UbEe5GENDrSmmXVdriRSWE+rgk=",
        "owner": "nvmd",
        "repo": "argononed",
        "rev": "16dbee54d49b66d5654d228d1061246b440ef7cf",
        "type": "github"
      },
      "original": {
        "owner": "nvmd",
        "repo": "argononed",
        "type": "github"
      }
    },
    "darwin": {
      "inputs": {
        "nixpkgs": [
          "agenix",
          "nixpkgs"
        ]
      },
      "locked": {
        "lastModified": 1744478979,
        "narHash": "sha256-dyN+teG9G82G+m+PX/aSAagkC+vUv0SgUw3XkPhQodQ=",
        "owner": "lnl7",
        "repo": "nix-darwin",
        "rev": "43975d782b418ebf4969e9ccba82466728c2851b",
        "type": "github"
      },
      "original": {
        "owner": "lnl7",
        "ref": "master",
        "repo": "nix-darwin",
        "type": "github"
      }
    },
    "dayzquerySrc": {
      "flake": false,
      "locked": {
        "lastModified": 1753658787,
        "narHash": "sha256-mWNAtGPfmdW1ZxBrkRTqNkkw3zqbYeGvZrZKV9zu8vw=",
        "owner": "yepoleb",
        "repo": "dayzquery",
        "rev": "a22a9f428cbe075d7dda62f78000296955eea92a",
        "type": "github"
      },
      "original": {
        "owner": "yepoleb",
        "repo": "dayzquery",
        "type": "github"
      }
    },
    "dzgui-flake": {
      "inputs": {
        "a2sSrc": "a2sSrc",
        "dayzquerySrc": "dayzquerySrc",
        "dzguiSrc": "dzguiSrc",
        "dzguiSrc-testing": "dzguiSrc-testing",
        "nixpkgs": "nixpkgs_2"
      },
      "locked": {
        "lastModified": 1764441811,
        "narHash": "sha256-rnhUzyAnjXD0iQHxQl8yebfV12sI9EQMB5kpSXBdK9Q=",
        "owner": "jiriks74",
        "repo": "dzgui.flake",
        "rev": "cc4b020a67845541e307eb0726b5a5d2d3b04fb1",
        "type": "github"
      },
      "original": {
        "owner": "jiriks74",
        "repo": "dzgui.flake",
        "type": "github"
      }
    },
    "dzguiSrc": {
      "flake": false,
      "locked": {
        "lastModified": 1761792544,
        "narHash": "sha256-o00Qon4lB/RICiHT/MI0hXUMmyctnYH469rOGB8V/HI=",
        "ref": "dzgui",
        "rev": "a1d14669c7139c764bf14fceeac9f26e7d38750d",
        "revCount": 1161,
        "type": "git",
        "url": "https://codeberg.org/aclist/dztui"
      },
      "original": {
        "ref": "dzgui",
        "type": "git",
        "url": "https://codeberg.org/aclist/dztui"
      }
    },
    "dzguiSrc-testing": {
      "flake": false,
      "locked": {
        "lastModified": 1763741099,
        "narHash": "sha256-+a/AzZiXDn8wRKGW4zlTBrp8S04ylGl0aq4Wd0PSIJM=",
        "ref": "testing",
        "rev": "4edf71aa0aadf797fe0a5c8d555ca419ad8cda46",
        "revCount": 1306,
        "type": "git",
        "url": "https://codeberg.org/aclist/dztui"
      },
      "original": {
        "ref": "testing",
        "type": "git",
        "url": "https://codeberg.org/aclist/dztui"
      }
    },
    "flake-compat": {
      "locked": {
        "lastModified": 1767039857,
        "narHash": "sha256-vNpUSpF5Nuw8xvDLj2KCwwksIbjua2LZCqhV1LNRDns=",
        "owner": "edolstra",
        "repo": "flake-compat",
        "rev": "5edf11c44bc78a0d334f6334cdaf7d60d732daab",
        "type": "github"
      },
      "original": {
        "owner": "edolstra",
        "repo": "flake-compat",
        "type": "github"
      }
    },
    "home-manager": {
      "inputs": {
        "nixpkgs": [
          "agenix",
          "nixpkgs"
        ]
      },
      "locked": {
        "lastModified": 1745494811,
        "narHash": "sha256-YZCh2o9Ua1n9uCvrvi5pRxtuVNml8X2a03qIFfRKpFs=",
        "owner": "nix-community",
        "repo": "home-manager",
        "rev": "abfad3d2958c9e6300a883bd443512c55dfeb1be",
        "type": "github"
      },
      "original": {
        "owner": "nix-community",
        "repo": "home-manager",
        "type": "github"
      }
    },
    "nixos-images": {
      "inputs": {
        "nixos-stable": [
          "nixos-raspberrypi",
          "nixpkgs"
        ],
        "nixos-unstable": [
          "nixos-raspberrypi",
          "nixpkgs"
        ]
      },
      "locked": {
        "lastModified": 1747747741,
        "narHash": "sha256-LUOH27unNWbGTvZFitHonraNx0JF/55h30r9WxqrznM=",
        "owner": "nvmd",
        "repo": "nixos-images",
        "rev": "cbbd6db325775096680b65e2a32fb6187c09bbb4",
        "type": "github"
      },
      "original": {
        "owner": "nvmd",
        "ref": "sdimage-installer",
        "repo": "nixos-images",
        "type": "github"
      }
    },
    "nixos-raspberrypi": {
      "inputs": {
        "argononed": "argononed",
        "flake-compat": "flake-compat",
        "nixos-images": "nixos-images",
        "nixpkgs": "nixpkgs_3"
      },
      "locked": {
        "lastModified": 1775857096,
        "narHash": "sha256-+eSij7C0oMqz76rGnB99RuWptBuEkJBm9vgb5fIwRrg=",
        "owner": "nvmd",
        "repo": "nixos-raspberrypi",
        "rev": "1dc4ca5f93587932383c0b61e1753f5eed1c3bba",
        "type": "github"
      },
      "original": {
        "owner": "nvmd",
        "ref": "main",
        "repo": "nixos-raspberrypi",
        "type": "github"
      }
    },
    "nixpkgs": {
      "locked": {
        "lastModified": 1754028485,
        "narHash": "sha256-IiiXB3BDTi6UqzAZcf2S797hWEPCRZOwyNThJIYhUfk=",
        "owner": "NixOS",
        "repo": "nixpkgs",
        "rev": "59e69648d345d6e8fef86158c555730fa12af9de",
        "type": "github"
      },
      "original": {
        "owner": "NixOS",
        "ref": "nixos-25.05",
        "repo": "nixpkgs",
        "type": "github"
      }
    },
    "nixpkgs-unstable": {
      "locked": {
        "lastModified": 1776877367,
        "narHash": "sha256-EHq1/OX139R1RvBzOJ0aMRT3xnWyqtHBRUBuO1gFzjI=",
        "owner": "NixOS",
        "repo": "nixpkgs",
        "rev": "0726a0ecb6d4e08f6adced58726b95db924cef57",
        "type": "github"
      },
      "original": {
        "owner": "NixOS",
        "ref": "nixos-unstable",
        "repo": "nixpkgs",
        "type": "github"
      }
    },
    "nixpkgs_2": {
      "locked": {
        "lastModified": 1764242076,
        "narHash": "sha256-sKoIWfnijJ0+9e4wRvIgm/HgE27bzwQxcEmo2J/gNpI=",
        "owner": "nixos",
        "repo": "nixpkgs",
        "rev": "2fad6eac6077f03fe109c4d4eb171cf96791faa4",
        "type": "github"
      },
      "original": {
        "owner": "nixos",
        "ref": "nixos-unstable",
        "repo": "nixpkgs",
        "type": "github"
      }
    },
    "nixpkgs_3": {
      "locked": {
        "lastModified": 1775595990,
        "narHash": "sha256-OEf7YqhF9IjJFYZJyuhAypgU+VsRB5lD4DuiMws5Ltc=",
        "owner": "NixOS",
        "repo": "nixpkgs",
        "rev": "4e92bbcdb030f3b4782be4751dc08e6b6cb6ccf2",
        "type": "github"
      },
      "original": {
        "owner": "NixOS",
        "ref": "nixos-25.11",
        "repo": "nixpkgs",
        "type": "github"
      }
    },
    "nixpkgs_4": {
      "locked": {
        "lastModified": 1776734388,
        "narHash": "sha256-vl3dkhlE5gzsItuHoEMVe+DlonsK+0836LIRDnm6MXQ=",
        "owner": "NixOS",
        "repo": "nixpkgs",
        "rev": "10e7ad5bbcb421fe07e3a4ad53a634b0cd57ffac",
        "type": "github"
      },
      "original": {
        "owner": "NixOS",
        "ref": "nixos-25.11",
        "repo": "nixpkgs",
        "type": "github"
      }
    },
    "root": {
      "inputs": {
        "agenix": "agenix",
        "dzgui-flake": "dzgui-flake",
        "nixos-raspberrypi": "nixos-raspberrypi",
        "nixpkgs": "nixpkgs_4",
        "nixpkgs-unstable": "nixpkgs-unstable",
        "secrets": "secrets"
      }
    },
    "secrets": {
      "flake": false,
      "locked": {
        "lastModified": 1775343610,
        "narHash": "sha256-Ch5ThFpjj3s3wkbyhVVpOCedIy+3494g0LtwZYYWFbs=",
        "rev": "077b206311bfc8ff0041a5c38cb8ff52cd5424c2",
        "revCount": 7,
        "type": "git",
        "url": "file:./secrets"
      },
      "original": {
        "type": "git",
        "url": "file:./secrets"
      }
    },
    "systems": {
      "locked": {
        "lastModified": 1681028828,
        "narHash": "sha256-Vy1rq5AaRuLzOxct8nz4T6wlgyUR7zLU309k9mBC768=",
        "owner": "nix-systems",
        "repo": "default",
        "rev": "da67096a3b9bf56a91d16901293e51ba5b49a27e",
        "type": "github"
      },
      "original": {
        "owner": "nix-systems",
        "repo": "default",
        "type": "github"
      }
    }
  },
  "root": "root",
  "version": 7
}
